
Microsoft Visual Studio Solution File, Format Version 12.00
# Visual Studio Version 17
VisualStudioVersion = 17.7.34221.43
MinimumVisualStudioVersion = 10.0.40219.1
Project("{FAE04EC0-301F-11D3-BF4B-00C04F79EFBC}") = "StoreApp", "StoreApp\StoreApp.csproj", "{7FFF2AAF-1ABD-49FF-A8A3-8D421C5A4A74}"
EndProject
Project("{FAE04EC0-301F-11D3-BF4B-00C04F79EFBC}") = "StoreApp.DatabaseProvider", "StoreApp.DatabaseProvider\StoreApp.DatabaseProvider.csproj", "{EE8BC994-DE68-467E-83B0-ED303EA1F9F7}"
EndProject
Project("{FAE04EC0-301F-11D3-BF4B-00C04F79EFBC}") = "StoreApp.Services", "StoreApp.Services\StoreApp.Services.csproj", "{80C6DEB2-DA10-4209-912A-676288C76ED0}"
EndProject
Project("{FAE04EC0-301F-11D3-BF4B-00C04F79EFBC}") = "StoreApp.Core", "StoreApp.Core\StoreApp.Core.csproj", "{429589FD-588D-4B9A-9AAA-80AD7BB2EEA0}"
EndProject
Global
	GlobalSection(SolutionConfigurationPlatforms) = preSolution
		Debug|Any CPU = Debug|Any CPU
		Release|Any CPU = Release|Any CPU
	EndGlobalSection
	GlobalSection(ProjectConfigurationPlatforms) = postSolution
		{7FFF2AAF-1ABD-49FF-A8A3-8D421C5A4A74}.Debug|Any CPU.ActiveCfg = Debug|Any CPU
		{7FFF2AAF-1ABD-49FF-A8A3-8D421C5A4A74}.Debug|Any CPU.Build.0 = Debug|Any CPU
		{7FFF2AAF-1ABD-49FF-A8A3-8D421C5A4A74}.Release|Any CPU.ActiveCfg = Release|Any CPU
		{7FFF2AAF-1ABD-49FF-A8A3-8D421C5A4A74}.Release|Any CPU.Build.0 = Release|Any CPU
		{EE8BC994-DE68-467E-83B0-ED303EA1F9F7}.Debug|Any CPU.ActiveCfg = Debug|Any CPU
		{EE8BC994-DE68-467E-83B0-ED303EA1F9F7}.Debug|Any CPU.Build.0 = Debug|Any CPU
		{EE8BC994-DE68-467E-83B0-ED303EA1F9F7}.Release|Any CPU.ActiveCfg = Release|Any CPU
		{EE8BC994-DE68-467E-83B0-ED303EA1F9F7}.Release|Any CPU.Build.0 = Release|Any CPU
		{80C6DEB2-DA10-4209-912A-676288C76ED0}.Debug|Any CPU.ActiveCfg = Debug|Any CPU
		{80C6DEB2-DA10-4209-912A-676288C76ED0}.Debug|Any CPU.Build.0 = Debug|Any CPU
		{80C6DEB2-DA10-4209-912A-676288C76ED0}.Release|Any CPU.ActiveCfg = Release|Any CPU
		{80C6DEB2-DA10-4209-912A-676288C76ED0}.Release|Any CPU.Build.0 = Release|Any CPU
		{429589FD-588D-4B9A-9AAA-80AD7BB2EEA0}.Debug|Any CPU.ActiveCfg = Debug|Any CPU
		{429589FD-588D-4B9A-9AAA-80AD7BB2EEA0}.Debug|Any CPU.Build.0 = Debug|Any CPU
		{429589FD-588D-4B9A-9AAA-80AD7BB2EEA0}.Release|Any CPU.ActiveCfg = Release|Any CPU
		{429589FD-588D-4B9A-9AAA-80AD7BB2EEA0}.Release|Any CPU.Build.0 = Release|Any CPU
	EndGlobalSection
	GlobalSection(SolutionProperties) = preSolution
		HideSolutionNode = FALSE
	EndGlobalSection
	GlobalSection(ExtensibilityGlobals) = postSolution
		SolutionGuid = {0AAFEB1E-8958-4AD4-A574-E5BFC2C6E954}
	EndGlobalSection
EndGlobal
